
Microsoft Visual Studio Solution File, Format Version 12.00
# Visual Studio Version 17
VisualStudioVersion = 17.9.34616.47
MinimumVisualStudioVersion = 10.0.40219.1
Project("{FAE04EC0-301F-11D3-BF4B-00C04F79EFBC}") = "Pangea", "Pangea\Pangea.csproj", "{666CE585-86CE-4924-874E-CA48BF379A48}"
EndProject
Project("{FAE04EC0-301F-11D3-BF4B-00C04F79EFBC}") = "Pangea.Client", "Pangea.Client\Pangea.Client.csproj", "{3ADD56E8-29B3-4FD6-8A4B-C309D54F380B}"
EndProject
Global
	GlobalSection(SolutionConfigurationPlatforms) = preSolution
		Debug|Any CPU = Debug|Any CPU
		Release|Any CPU = Release|Any CPU
	EndGlobalSection
	GlobalSection(ProjectConfigurationPlatforms) = postSolution
		{666CE585-86CE-4924-874E-CA48BF379A48}.Debug|Any CPU.ActiveCfg = Debug|Any CPU
		{666CE585-86CE-4924-874E-CA48BF379A48}.Debug|Any CPU.Build.0 = Debug|Any CPU
		{666CE585-86CE-4924-874E-CA48BF379A48}.Release|Any CPU.ActiveCfg = Release|Any CPU
		{666CE585-86CE-4924-874E-CA48BF379A48}.Release|Any CPU.Build.0 = Release|Any CPU
		{3ADD56E8-29B3-4FD6-8A4B-C309D54F380B}.Debug|Any CPU.ActiveCfg = Debug|Any CPU
		{3ADD56E8-29B3-4FD6-8A4B-C309D54F380B}.Debug|Any CPU.Build.0 = Debug|Any CPU
		{3ADD56E8-29B3-4FD6-8A4B-C309D54F380B}.Release|Any CPU.ActiveCfg = Release|Any CPU
		{3ADD56E8-29B3-4FD6-8A4B-C309D54F380B}.Release|Any CPU.Build.0 = Release|Any CPU
	EndGlobalSection
	GlobalSection(SolutionProperties) = preSolution
		HideSolutionNode = FALSE
	EndGlobalSection
	GlobalSection(ExtensibilityGlobals) = postSolution
		SolutionGuid = {0F80A605-268E-4F23-83D3-FB09C252A0D5}
	EndGlobalSection
EndGlobal
